github.com/bits-and-blooms/bitset v1.4.0 h1:+YZ8ePm+He2pU3dZlIZiOeAKfrBkXi1lSrXJ/Xzgbu8=
github.com/bits-and-blooms/bitset v1.4.0/go.mod h1:gIdJ4wp64HaoK2YrL1Q5/N7Y16edYb8uY+O0FJTyyDA=
github.com/creack/pty v1.1.9/go.mod h1:oKZEueFk5CKHvIhNR5MUki03XCEU+Q6VDXinZuGJ33E=
github.com/davecgh/go-spew v1.1.0/go.mod h1:J7Y8YcW2NihsgmVo/mv3lAwl/skON4iLHjSsI+c5H38=
github.com/davecgh/go-spew v1.1.1 h1:vj9j/u1bqnvCEfJOwUhtlOARqs3+rkHYY13jYWTU97c=
github.com/davecgh/go-spew v1.1.1/go.mod h1:J7Y8YcW2NihsgmVo/mv3lAwl/skON4iLHjSsI+c5H38=
github.com/decred/dcrd/crypto/blake256 v1.0.0/go.mod h1:sQl2p6Y26YV+ZOcSTP6thNdn47hh8kt6rqSlvmrXFAc=
github.com/decred/dcrd/dcrec/secp256k1/v4 v4.0.0-20210816181553-5444fa50b93d/go.mod h1:tmAIfUFEirG/Y8jhZ9M+h36obRZAk/1fcSpXwAVlfqE=
github.com/decred/dcrd/dcrec/secp256k1/v4 v4.1.0 h1:HbphB4TFFXpv7MNrT52FGrrgVXF1owhMVTHFZIlnvd4=
github.com/decred/dcrd/dcrec/secp256k1/v4 v4.1.0/go.mod h1:DZGJHZMqrU4JJqFAWUS2UO1+lbSKsdiOoYi9Zzey7Fc=
github.com/go-playground/assert/v2 v2.2.0 h1:JvknZsQTYeFEAhQwI4qEt9cyV5ONwRHC+lYKSsYSR8s=
github.com/go-playground/locales v0.14.1 h1:EWaQ/wswjilfKLTECiXz7Rh+3BjFhfDFKv/oXslEjJA=
github.com/go-playground/locales v0.14.1/go.mod h1:hxrqLVvrK65+Rwrd5Fc6F2O76J/NuW9t0sjnWqG1slY=
github.com/go-playground/universal-translator v0.18.1 h1:Bcnm0ZwsGyWbCzImXv+pAJnYK9S473LQFuzCbDbfSFY=
github.com/go-playground/universal-translator v0.18.1/go.mod h1:xekY+UJKNuX9WP91TpwSH2VMlDf28Uj24BCp08ZFTUY=
github.com/go-playground/validator/v10 v10.11.2 h1:q3SHpufmypg+erIExEKUmsgmhDTyhcJ38oeKGACXohU=
github.com/go-playground/validator/v10 v10.11.2/go.mod h1:NieE624vt4SCTJtD87arVLvdmjPAeV8BQlHtMnw9D7s=
github.com/goccy/go-json v0.9.7/go.mod h1:6MelG93GURQebXPDq3khkgXZkazVtN9CRI+MGFi0w8I=
github.com/goccy/go-json v0.10.0 h1:mXKd9Qw4NuzShiRlOXKews24ufknHO7gx30lsDyokKA=
github.com/goccy/go-json v0.10.0/go.mod h1:6MelG93GURQebXPDq3khkgXZkazVtN9CRI+MGFi0w8I=
github.com/google/uuid v1.3.0 h1:t6JiXgmwXMjEs8VusXIJk2BXHsn+wx8BZdTaoZ5fu7I=
github.com/google/uuid v1.3.0/go.mod h1:TIyPZe4MgqvfeYDBFedMoGGpEw/LqOeaOT+nhxU+yHo=
github.com/h2non/parth v0.0.0-20190131123155-b4df798d6542 h1:2VTzZjLZBgl62/EtslCrtky5vbi9dd7HrQPQIx6wqiw=
github.com/h2non/parth v0.0.0-20190131123155-b4df798d6542/go.mod h1:Ow0tF8D4Kplbc8s8sSb3V2oUCygFHVp8gC3Dn6U4MNI=
github.com/jarcoal/httpmock v1.2.0 h1:gSvTxxFR/MEMfsGrvRbdfpRUMBStovlSRLw0Ep1bwwc=
github.com/jarcoal/httpmock v1.2.0/go.mod h1:oCoTsnAz4+UoOUIf5lJOWV2QQIW5UoeUI6aM2YnWAZk=
github.com/kr/pretty v0.3.0 h1:WgNl7dwNpEZ6jJ9k1snq4pZsg7DOEN8hP9Xw0Tsjwk0=
github.com/kr/text v0.2.0 h1:5Nx0Ya0ZqY2ygV366QzturHI13Jq95ApcVaJBhpS+AY=
github.com/kr/text v0.2.0/go.mod h1:eLer722TekiGuMkidMxC/pM04lWEeraHUUmBw8l2grE=
github.com/leodido/go-urn v1.2.1 h1:BqpAaACuzVSgi/VLzGZIobT2z4v53pjosyNd9Yv6n/w=
github.com/leodido/go-urn v1.2.1/go.mod h1:zt4jvISO2HfUBqxjfIshjdMTYS56ZS/qv49ictyFfxY=
github.com/lestrrat-go/backoff/v2 v2.0.8 h1:oNb5E5isby2kiro9AgdHLv5N5tint1AnDVVf2E2un5A=
github.com/lestrrat-go/backoff/v2 v2.0.8/go.mod h1:rHP/q/r9aT27n24JQLa7JhSQZCKBBOiM/uP402WwN8Y=
github.com/lestrrat-go/blackmagic v1.0.0 h1:XzdxDbuQTz0RZZEmdU7cnQxUtFUzgCSPq8RCz4BxIi4=
github.com/lestrrat-go/blackmagic v1.0.0/go.mod h1:TNgH//0vYSs8VXDCfkZLgIrVTTXQELZffUV0tz3MtdQ=
github.com/lestrrat-go/httpcc v1.0.1 h1:ydWCStUeJLkpYyjLDHihupbn2tYmZ7m22BGkcvZZrIE=
github.com/lestrrat-go/httpcc v1.0.1/go.mod h1:qiltp3Mt56+55GPVCbTdM9MlqhvzyuL6W/NMDA8vA5E=
github.com/lestrrat-go/iter v1.0.1 h1:q8faalr2dY6o8bV45uwrxq12bRa1ezKrB6oM9FUgN4A=
github.com/lestrrat-go/iter v1.0.1/go.mod h1:zIdgO1mRKhn8l9vrZJZz9TUMMFbQbLeTsbqPDrJ/OJc=
github.com/lestrrat-go/jwx v1.2.25 h1:tAx93jN2SdPvFn08fHNAhqFJazn5mBBOB8Zli0g0otA=
github.com/lestrrat-go/jwx v1.2.25/go.mod h1:zoNuZymNl5lgdcu6P7K6ie2QRll5HVfF4xwxBBK1NxY=
github.com/lestrrat-go/option v1.0.0 h1:WqAWL8kh8VcSoD6xjSH34/1m8yxluXQbDeKNfvFeEO4=
github.com/lestrrat-go/option v1.0.0/go.mod h1:5ZHFbivi4xwXxhxY9XHDe2FHo6/Z7WWmtT7T5nBBp3I=
github.com/magefile/mage v1.14.0 h1:6QDX3g6z1YvJ4olPhT1wksUcSa/V0a1B+pJb73fBjyo=
github.com/magefile/mage v1.14.0/go.mod h1:z5UZb/iS3GoOSn0JgWuiw7dxlurVYTu+/jHXqQg881A=
github.com/maxatome/go-testdeep v1.11.0 h1:Tgh5efyCYyJFGUYiT0qxBSIDeXw0F5zSoatlou685kk=
github.com/mr-tron/base58 v1.1.3 h1:v+sk57XuaCKGXpWtVBX8YJzO7hMGx4Aajh4TQbdEFdc=
github.com/mr-tron/base58 v1.1.3/go.mod h1:BinMc/sQntlIE1frQmRFPUoPA1Zkr8VRgBdjWI2mNwc=
github.com/multiformats/go-base32 v0.0.3 h1:tw5+NhuwaOjJCC5Pp82QuXbrmLzWg7uxlMFp8Nq/kkI=
github.com/multiformats/go-base32 v0.0.3/go.mod h1:pLiuGC8y0QR3Ue4Zug5UzK9LjgbkL8NSQj0zQ5Nz/AA=
github.com/multiformats/go-base36 v0.1.0 h1:JR6TyF7JjGd3m6FbLU2cOxhC0Li8z8dLNGQ89tUg4F4=
github.com/multiformats/go-base36 v0.1.0/go.mod h1:kFGE83c6s80PklsHO9sRn2NCoffoRdUUOENyW/Vv6sM=
github.com/multiformats/go-multibase v0.1.1 h1:3ASCDsuLX8+j4kx58qnJ4YFq/JWTJpCyDW27ztsVTOI=
github.com/multiformats/go-multibase v0.1.1/go.mod h1:ZEjHE+IsUrgp5mhlEAYjMtZwK1k4haNkcaPg9aoe1a8=
github.com/multiformats/go-multicodec v0.8.0 h1:evBmgkbSQux+Ds2IgfhkO38Dl2GDtRW8/Rp6YiSHX/Q=
github.com/multiformats/go-multicodec v0.8.0/go.mod h1:GUC8upxSBE4oG+q3kWZRw/+6yC1BqO550bjhWsJbZlw=
github.com/multiformats/go-varint v0.0.7 h1:sWSGR+f/eu5ABZA2ZpYKBILXTTs9JWpdEM/nEGOHFS8=
github.com/multiformats/go-varint v0.0.7/go.mod h1:r8PUYw/fD/SjBCiKOoDlGF6QawOELpZAu9eioSos/OU=
github.com/nbio/st v0.0.0-20140626010706-e9e8d9816f32 h1:W6apQkHrMkS0Muv8G/TipAy/FJl/rCYT0+EuS8+Z0z4=
github.com/nbio/st v0.0.0-20140626010706-e9e8d9816f32/go.mod h1:9wM+0iRr9ahx58uYLpLIr5fm8diHn0JbqRycJi6w0Ms=
github.com/oliveagle/jsonpath v0.0.0-20180606110733-2e52cf6e6852 h1:Yl0tPBa8QPjGmesFh1D0rDy+q1Twx6FyU7VWHi8wZbI=
github.com/oliveagle/jsonpath v0.0.0-20180606110733-2e52cf6e6852/go.mod h1:eqOVx5Vwu4gd2mmMZvVZsgIqNSaW3xxRThUJ0k/TPk4=
github.com/piprate/json-gold v0.5.0 h1:RmGh1PYboCFcchVFuh2pbSWAZy4XJaqTMU4KQYsApbM=
github.com/piprate/json-gold v0.5.0/go.mod h1:WZ501QQMbZZ+3pXFPhQKzNwS1+jls0oqov3uQ2WasLs=
github.com/pkg/errors v0.9.1 h1:FEBLx1zS214owpjy7qsBeixbURkuhQAwrK5UwLGTwt4=
github.com/pkg/errors v0.9.1/go.mod h1:bwawxfHBFNV+L2hUp1rHADufV3IMtnDRdf1r5NINEl0=
github.com/pmezard/go-difflib v1.0.0 h1:4DBwDE0NGyQoBHbLQYPwSUPoCMWR5BEzIk/f1lZbAQM=
github.com/pmezard/go-difflib v1.0.0/go.mod h1:iKH77koFhYxTK1pcRnkKkqfTogsbg7gZNVY4sRDYZ/4=
github.com/pquerna/cachecontrol v0.0.0-20180517163645-1555304b9b35 h1:J9b7z+QKAmPf4YLrFg6oQUotqHQeUNWwkvo7jZp1GLU=
github.com/pquerna/cachecontrol v0.0.0-20180517163645-1555304b9b35/go.mod h1:prYjPmNq4d1NPVmpShWobRqXY3q7Vp+80DqgxxUrUIA=
github.com/rogpeppe/go-internal v1.8.0 h1:FCbCCtXNOY3UtUuHUYaghJg4y7Fd14rXifAYUAtL9R8=
github.com/santhosh-tekuri/jsonschema/v5 v5.1.1 h1:lEOLY2vyGIqKWUI9nzsOJRV3mb3WC9dXYORsLEUcoeY=
github.com/santhosh-tekuri/jsonschema/v5 v5.1.1/go.mod h1:FKdcjfQW6rpZSnxxUvEA5H/cDPdvJ/SZJQLWWXWGrZ0=
github.com/sirupsen/logrus v1.9.0 h1:trlNQbNUG3OdDrDil03MCb1H2o9nJ1x4/5LYw7byDE0=
github.com/sirupsen/logrus v1.9.0/go.mod h1:naHLuLoDiP4jHNo9R0sCBMtWGeIprob74mVsIT4qYEQ=
github.com/stretchr/objx v0.1.0/go.mod h1:HFkY916IF+rwdDfMAkV7OtwuqBVzrE8GR6GFx+wExME=
github.com/stretchr/objx v0.4.0/go.mod h1:YvHI0jy2hoMjB+UWwv71VJQ9isScKT/TqJzVSSt89Yw=
github.com/stretchr/objx v0.5.0/go.mod h1:Yh+to48EsGEfYuaHDzXPcE3xhTkx73EhmCGUpEOglKo=
github.com/stretchr/testify v1.5.1/go.mod h1:5W2xD1RspED5o8YsWQXVCued0rvSQ+mT+I5cxcmMvtA=
github.com/stretchr/testify v1.6.1/go.mod h1:6Fq8oRcR53rry900zMqJjRRixrwX3KX962/h/Wwjteg=
github.com/stretchr/testify v1.7.0/go.mod h1:6Fq8oRcR53rry900zMqJjRRixrwX3KX962/h/Wwjteg=
github.com/stretchr/testify v1.7.1/go.mod h1:6Fq8oRcR53rry900zMqJjRRixrwX3KX962/h/Wwjteg=
github.com/stretchr/testify v1.8.0/go.mod h1:yNjHg4UonilssWZ8iaSj1OCr/vHnekPRkoO+kdMU+MU=
github.com/stretchr/testify v1.8.1 h1:w7B6lhMri9wdJUVmEZPGGhZzrYTPvgJArz7wNPgYKsk=
github.com/stretchr/testify v1.8.1/go.mod h1:w2LPCIKwWwSfY2zedu0+kehJoqGctiVI29o6fzry7u4=
golang.org/x/crypto v0.0.0-20220427172511-eb4f295cb31f/go.mod h1:IxCIyHEi3zRg3s0A5j5BB6A9Jmi73HwBIUl50j+osU4=
golang.org/x/crypto v0.5.0 h1:U/0M97KRkSFvyD/3FSmdP5W5swImpNgle/EHFhOsQPE=
golang.org/x/crypto v0.5.0/go.mod h1:NK/OQwhpMQP3MwtdjgLlYHnH9ebylxKWv3e0fK+mkQU=
golang.org/x/net v0.0.0-20211112202133-69e39bad7dc2/go.mod h1:9nx3DQGgdP8bBQD5qxJ1jj9UTztislL4KSBs9R2vV5Y=
golang.org/x/sys v0.0.0-20201119102817-f84b799fce68/go.mod h1:h1NjWce9XRLGQEsW7wpKNCjG9DtNlClVuFLEZdDNbEs=
golang.org/x/sys v0.0.0-20210423082822-04245dca01da/go.mod h1:h1NjWce9XRLGQEsW7wpKNCjG9DtNlClVuFLEZdDNbEs=
golang.org/x/sys v0.0.0-20210615035016-665e8c7367d1/go.mod h1:oPkhp1MJrh7nUepCBck5+mAzfO9JrbApNNgaTdGDITg=
golang.org/x/sys v0.0.0-20220715151400-c0bba94af5f8/go.mod h1:oPkhp1MJrh7nUepCBck5+mAzfO9JrbApNNgaTdGDITg=
golang.org/x/sys v0.4.0 h1:Zr2JFtRQNX3BCZ8YtxRE9hNJYC8J6I1MVbMg6owUp18=
golang.org/x/sys v0.4.0/go.mod h1:oPkhp1MJrh7nUepCBck5+mAzfO9JrbApNNgaTdGDITg=
golang.org/x/term v0.0.0-20201126162022-7de9c90e9dd1/go.mod h1:bj7SfCRtBDWHUb9snDiAeCFNEtKQo2Wmx5Cou7ajbmo=
golang.org/x/term v0.4.0 h1:O7UWfv5+A2qiuulQk30kVinPoMtoIPeVaKLEgLpVkvg=
golang.org/x/term v0.4.0/go.mod h1:9P2UbLfCdcvo3p/nzKvsmas4TnlujnuoV9hGgYzW1lQ=
golang.org/x/text v0.3.6/go.mod h1:5Zoc/QRtKVWzQhOtBMvqHzDpF6irO9z98xDceosuGiQ=
golang.org/x/text v0.6.0 h1:3XmdazWV+ubf7QgHSTWeykHOci5oeekaGJBLkrkaw4k=
golang.org/x/text v0.6.0/go.mod h1:mrYo+phRRbMaCq/xk9113O4dZlRixOauAjOtrjsXDZ8=
golang.org/x/tools v0.0.0-20180917221912-90fa682c2a6e/go.mod h1:n7NCudcB/nEzxVGmLbDWY5pfWTLqBcC2KZ6jyYvM4mQ=
gopkg.in/check.v1 v0.0.0-20161208181325-20d25e280405/go.mod h1:Co6ibVJAznAaIkqp8huTwlJQCZ016jof/cbN4VW5Yz0=
gopkg.in/check.v1 v1.0.0-20201130134442-10cb98267c6c h1:Hei/4ADfdWqJk1ZMxUNpqntNwaWcugrBjAiHlqqRiVk=
gopkg.in/h2non/gock.v1 v1.1.2 h1:jBbHXgGBK/AoPVfJh5x4r/WxIrElvbLel8TCZkkZJoY=
gopkg.in/h2non/gock.v1 v1.1.2/go.mod h1:n7UGz/ckNChHiK05rDoiC4MYSunEC/lyaUm2WWaDva0=
gopkg.in/yaml.v2 v2.2.2/go.mod h1:hI93XBmqTisBFMUTm0b8Fm+jr3Dg1NNxqwp+5A1VGuI=
gopkg.in/yaml.v3 v3.0.0-20200313102051-9f266ea9e77c/go.mod h1:K4uyk7z7BCEPqu6E+C64Yfv1cQ7kz7rIZviUmN+EgEM=
gopkg.in/yaml.v3 v3.0.1 h1:fxVm/GzAzEWqLHuvctI91KS9hhNmmWOoWu0XTYJS7CA=
gopkg.in/yaml.v3 v3.0.1/go.mod h1:K4uyk7z7BCEPqu6E+C64Yfv1cQ7kz7rIZviUmN+EgEM=
